// !$*UTF8*$!
{
	archiveVersion = 1;
	classes = {
	};
	objectVersion = 50;
	objects = {

/* Begin PBXBuildFile section */
		2D4D3E10258663230082C1A4 /* GameView.swift in Sources */ = {isa = PBXBuildFile; fileRef = 2D4D3E0F258663230082C1A4 /* GameView.swift */; };
		2D5A0A8B25692DF200D725ED /* SeaBattleIntroScreen.jpg in Resources */ = {isa = PBXBuildFile; fileRef = 2D5A0A8A25692DF200D725ED /* SeaBattleIntroScreen.jpg */; };
		2D5A0A95256946B500D725ED /* Errors.swift in Sources */ = {isa = PBXBuildFile; fileRef = 2D5A0A94256946B500D725ED /* Errors.swift */; };
		2D5A0B002569528D00D725ED /* EmailChainHandler.swift in Sources */ = {isa = PBXBuildFile; fileRef = 2D5A0AFF2569528D00D725ED /* EmailChainHandler.swift */; };
		2D5A0B032569529900D725ED /* PasswordChainHandler.swift in Sources */ = {isa = PBXBuildFile; fileRef = 2D5A0B022569529900D725ED /* PasswordChainHandler.swift */; };
		2D5A0B06256952A600D725ED /* SignInChainHandler.swift in Sources */ = {isa = PBXBuildFile; fileRef = 2D5A0B05256952A600D725ED /* SignInChainHandler.swift */; };
		2D5A0B09256952B000D725ED /* SignUpChainHandler.swift in Sources */ = {isa = PBXBuildFile; fileRef = 2D5A0B08256952B000D725ED /* SignUpChainHandler.swift */; };
		2D5A0B0F25695D5300D725ED /* RoomsViewController.swift in Sources */ = {isa = PBXBuildFile; fileRef = 2D5A0B0E25695D5300D725ED /* RoomsViewController.swift */; };
		2D5A0B1325695D6A00D725ED /* RoomsViewModel.swift in Sources */ = {isa = PBXBuildFile; fileRef = 2D5A0B1225695D6A00D725ED /* RoomsViewModel.swift */; };
		2D5A0B162569630600D725ED /* LogOutChainHandler.swift in Sources */ = {isa = PBXBuildFile; fileRef = 2D5A0B152569630600D725ED /* LogOutChainHandler.swift */; };
		2D5A0B1C25696B3300D725ED /* AuthRepository.swift in Sources */ = {isa = PBXBuildFile; fileRef = 2D5A0B1B25696B3300D725ED /* AuthRepository.swift */; };
		2D5A0B2025696B7C00D725ED /* AuthRepositoryDefault.swift in Sources */ = {isa = PBXBuildFile; fileRef = 2D5A0B1F25696B7C00D725ED /* AuthRepositoryDefault.swift */; };
		2D5A0B272569831800D725ED /* TableViewDataSource.swift in Sources */ = {isa = PBXBuildFile; fileRef = 2D5A0B262569831800D725ED /* TableViewDataSource.swift */; };
		2D5A0B2A2569834B00D725ED /* RoomsTableViewDataSource.swift in Sources */ = {isa = PBXBuildFile; fileRef = 2D5A0B292569834B00D725ED /* RoomsTableViewDataSource.swift */; };
		2D5A0B2D256983FF00D725ED /* TableViewCell.swift in Sources */ = {isa = PBXBuildFile; fileRef = 2D5A0B2C256983FF00D725ED /* TableViewCell.swift */; };
		2D5A0B302569842200D725ED /* Reusable.swift in Sources */ = {isa = PBXBuildFile; fileRef = 2D5A0B2F2569842200D725ED /* Reusable.swift */; };
		2D5A0B332569846100D725ED /* UITableViewExtension.swift in Sources */ = {isa = PBXBuildFile; fileRef = 2D5A0B322569846100D725ED /* UITableViewExtension.swift */; };
		2D5A0B36256984B600D725ED /* RoomsTableViewCell.swift in Sources */ = {isa = PBXBuildFile; fileRef = 2D5A0B35256984B600D725ED /* RoomsTableViewCell.swift */; };
		2D5A0B4225698D6700D725ED /* User.swift in Sources */ = {isa = PBXBuildFile; fileRef = 2D5A0B4125698D6700D725ED /* User.swift */; };
		2D5A7B1B25640F1C00A7CC86 /* CALayerExtension.swift in Sources */ = {isa = PBXBuildFile; fileRef = 2D5A7B1A25640F1C00A7CC86 /* CALayerExtension.swift */; };
		2D5A7B72256412C500A7CC86 /* BaseViewController.swift in Sources */ = {isa = PBXBuildFile; fileRef = 2D5A7B71256412C500A7CC86 /* BaseViewController.swift */; };
		2D5A7B75256412ED00A7CC86 /* BaseViewModel.swift in Sources */ = {isa = PBXBuildFile; fileRef = 2D5A7B74256412ED00A7CC86 /* BaseViewModel.swift */; };
		2D5A7B7A256413C700A7CC86 /* AuthViewModel.swift in Sources */ = {isa = PBXBuildFile; fileRef = 2D5A7B79256413C700A7CC86 /* AuthViewModel.swift */; };
		2D5A827A256EB46800C32F72 /* UserDefaultsWrapper.swift in Sources */ = {isa = PBXBuildFile; fileRef = 2D5A8279256EB46800C32F72 /* UserDefaultsWrapper.swift */; };
		2D5A8286256EB66300C32F72 /* Observer.swift in Sources */ = {isa = PBXBuildFile; fileRef = 2D5A8285256EB66300C32F72 /* Observer.swift */; };
		2D5A8289256EBBE000C32F72 /* RoomsRepository.swift in Sources */ = {isa = PBXBuildFile; fileRef = 2D5A8288256EBBE000C32F72 /* RoomsRepository.swift */; };
		2D5A828C256EBBE600C32F72 /* RoomsRepositoryDefault.swift in Sources */ = {isa = PBXBuildFile; fileRef = 2D5A828B256EBBE600C32F72 /* RoomsRepositoryDefault.swift */; };
		2D5AEF462575035D0034F266 /* KeyDecodingContainerExtension.swift in Sources */ = {isa = PBXBuildFile; fileRef = 2D5AEF452575035D0034F266 /* KeyDecodingContainerExtension.swift */; };
		2D5AEF49257504930034F266 /* Entity.swift in Sources */ = {isa = PBXBuildFile; fileRef = 2D5AEF48257504930034F266 /* Entity.swift */; };
		2D5B2555258AC0280023C506 /* RotateHintViewController.swift in Sources */ = {isa = PBXBuildFile; fileRef = 2D5B2554258AC0280023C506 /* RotateHintViewController.swift */; };
		2D5B255A258AC0370023C506 /* RotateHintViewModel.swift in Sources */ = {isa = PBXBuildFile; fileRef = 2D5B2559258AC0370023C506 /* RotateHintViewModel.swift */; };
		2D5B2C6725756C6E00F83629 /* Room.swift in Sources */ = {isa = PBXBuildFile; fileRef = 2D5B2C6625756C6E00F83629 /* Room.swift */; };
		2D5B2C6A25756C7900F83629 /* Boat.swift in Sources */ = {isa = PBXBuildFile; fileRef = 2D5B2C6925756C7900F83629 /* Boat.swift */; };
		2D5B2C6D25756C8400F83629 /* BoatPosition.swift in Sources */ = {isa = PBXBuildFile; fileRef = 2D5B2C6C25756C8400F83629 /* BoatPosition.swift */; };
		2D5B4C5A257D5A1C006520B4 /* UIViewExtension.swift in Sources */ = {isa = PBXBuildFile; fileRef = 2D5B4C59257D5A1C006520B4 /* UIViewExtension.swift */; };
		2D5BD96B257674DA000160CB /* Builder.swift in Sources */ = {isa = PBXBuildFile; fileRef = 2D5BD96A257674DA000160CB /* Builder.swift */; };
		2D5BD96E257675AA000160CB /* BoatBuilder.swift in Sources */ = {isa = PBXBuildFile; fileRef = 2D5BD96D257675AA000160CB /* BoatBuilder.swift */; };
		2D5BD971257678E5000160CB /* Director.swift in Sources */ = {isa = PBXBuildFile; fileRef = 2D5BD970257678E5000160CB /* Director.swift */; };
		2D5D02F525829E4B0033BEED /* BattleFieldCell.swift in Sources */ = {isa = PBXBuildFile; fileRef = 2D5D02F425829E4B0033BEED /* BattleFieldCell.swift */; };
		2D5D02F82582A75F0033BEED /* BoatView.swift in Sources */ = {isa = PBXBuildFile; fileRef = 2D5D02F72582A75F0033BEED /* BoatView.swift */; };
		2D5EBE8B2586472800A8AD05 /* BattleFieldView.swift in Sources */ = {isa = PBXBuildFile; fileRef = 2D5EBE8A2586472800A8AD05 /* BattleFieldView.swift */; };
		2D5EBE8F258648DB00A8AD05 /* View.swift in Sources */ = {isa = PBXBuildFile; fileRef = 2D5EBE8E258648DB00A8AD05 /* View.swift */; };
		2D5EBE93258651D900A8AD05 /* CoordinateView.swift in Sources */ = {isa = PBXBuildFile; fileRef = 2D5EBE92258651D900A8AD05 /* CoordinateView.swift */; };
		2D5EF5AC258A8FF0003C814E /* GameRepositoryDefault.swift in Sources */ = {isa = PBXBuildFile; fileRef = 2D5EF5AB258A8FF0003C814E /* GameRepositoryDefault.swift */; };
		2D5EF5AF258A8FFC003C814E /* GameRepository.swift in Sources */ = {isa = PBXBuildFile; fileRef = 2D5EF5AE258A8FFC003C814E /* GameRepository.swift */; };
		2D635AF32567036D00AE924B /* CGRectExtension.swift in Sources */ = {isa = PBXBuildFile; fileRef = 2D635AF22567036D00AE924B /* CGRectExtension.swift */; };
		2D635AF7256703AA00AE924B /* BackdownTextFieldView.swift in Sources */ = {isa = PBXBuildFile; fileRef = 2D635AF6256703AA00AE924B /* BackdownTextFieldView.swift */; };
		2D64CC532565A4A400AC8FD4 /* ChainHandler.swift in Sources */ = {isa = PBXBuildFile; fileRef = 2D64CC522565A4A400AC8FD4 /* ChainHandler.swift */; };
		2D64CC582565AD2D00AC8FD4 /* Validator.swift in Sources */ = {isa = PBXBuildFile; fileRef = 2D64CC572565AD2D00AC8FD4 /* Validator.swift */; };
		2D64CC5C2565AFE300AC8FD4 /* UIViewControllerExtension.swift in Sources */ = {isa = PBXBuildFile; fileRef = 2D64CC5B2565AFE300AC8FD4 /* UIViewControllerExtension.swift */; };
		2D64CC5F2565B00B00AC8FD4 /* UIAlertContollerExtension.swift in Sources */ = {isa = PBXBuildFile; fileRef = 2D64CC5E2565B00B00AC8FD4 /* UIAlertContollerExtension.swift */; };
		2D6588AA257AC17B00C1D39A /* UIEdgeInsetsExtension.swift in Sources */ = {isa = PBXBuildFile; fileRef = 2D6588A9257AC17B00C1D39A /* UIEdgeInsetsExtension.swift */; };
		2D66E5E62576B5EC003E6D97 /* GameViewController.swift in Sources */ = {isa = PBXBuildFile; fileRef = 2D66E5E52576B5EC003E6D97 /* GameViewController.swift */; };
		2D66E5EA2576B5F3003E6D97 /* GameViewModel.swift in Sources */ = {isa = PBXBuildFile; fileRef = 2D66E5E92576B5F3003E6D97 /* GameViewModel.swift */; };
		2D66E5EE2576B680003E6D97 /* GameCollectionViewDataSource.swift in Sources */ = {isa = PBXBuildFile; fileRef = 2D66E5ED2576B680003E6D97 /* GameCollectionViewDataSource.swift */; };
		2D66E5F22576B6C9003E6D97 /* CollectionViewDataSource.swift in Sources */ = {isa = PBXBuildFile; fileRef = 2D66E5F12576B6C9003E6D97 /* CollectionViewDataSource.swift */; };
		2D66E5F52576B6D3003E6D97 /* CollectionViewCell.swift in Sources */ = {isa = PBXBuildFile; fileRef = 2D66E5F42576B6D3003E6D97 /* CollectionViewCell.swift */; };
		2D66E5F82576B7DF003E6D97 /* Field.swift in Sources */ = {isa = PBXBuildFile; fileRef = 2D66E5F72576B7DF003E6D97 /* Field.swift */; };
		2D66E5FB2576CB99003E6D97 /* UICollectionViewExtension.swift in Sources */ = {isa = PBXBuildFile; fileRef = 2D66E5FA2576CB99003E6D97 /* UICollectionViewExtension.swift */; };
		2D740480256302E500B63D22 /* GoogleService-Info.plist in Resources */ = {isa = PBXBuildFile; fileRef = 2D74047F256302E500B63D22 /* GoogleService-Info.plist */; };
		2D77EE3F256066AD000DA5A2 /* AppDelegate.swift in Sources */ = {isa = PBXBuildFile; fileRef = 2D77EE3E256066AD000DA5A2 /* AppDelegate.swift */; };
		2D77EE43256066AD000DA5A2 /* AuthViewController.swift in Sources */ = {isa = PBXBuildFile; fileRef = 2D77EE42256066AD000DA5A2 /* AuthViewController.swift */; };
		2D77EE48256066AE000DA5A2 /* Assets.xcassets in Resources */ = {isa = PBXBuildFile; fileRef = 2D77EE47256066AE000DA5A2 /* Assets.xcassets */; };
		2D77EE4B256066AE000DA5A2 /* LaunchScreen.storyboard in Resources */ = {isa = PBXBuildFile; fileRef = 2D77EE49256066AE000DA5A2 /* LaunchScreen.storyboard */; };
		D6CE5342820D6E5D25C87F84 /* libPods-SeaBattle.a in Frameworks */ = {isa = PBXBuildFile; fileRef = 23BEB001B3C4744876A5B371 /* libPods-SeaBattle.a */; };
/* End PBXBuildFile section */

/* Begin PBXFileReference section */
		23BEB001B3C4744876A5B371 /* libPods-SeaBattle.a */ = {isa = PBXFileReference; explicitFileType = archive.ar; includeInIndex = 0; path = "libPods-SeaBattle.a"; sourceTree = BUILT_PRODUCTS_DIR; };
		2D4D3E0F258663230082C1A4 /* GameView.swift */ = {isa = PBXFileReference; lastKnownFileType = sourcecode.swift; path = GameView.swift; sourceTree = "<group>"; };
		2D5A0A8A25692DF200D725ED /* SeaBattleIntroScreen.jpg */ = {isa = PBXFileReference; lastKnownFileType = image.jpeg; path = SeaBattleIntroScreen.jpg; sourceTree = "<group>"; };
		2D5A0A94256946B500D725ED /* Errors.swift */ = {isa = PBXFileReference; lastKnownFileType = sourcecode.swift; path = Errors.swift; sourceTree = "<group>"; };
		2D5A0AFF2569528D00D725ED /* EmailChainHandler.swift */ = {isa = PBXFileReference; lastKnownFileType = sourcecode.swift; path = EmailChainHandler.swift; sourceTree = "<group>"; };
		2D5A0B022569529900D725ED /* PasswordChainHandler.swift */ = {isa = PBXFileReference; lastKnownFileType = sourcecode.swift; path = PasswordChainHandler.swift; sourceTree = "<group>"; };
		2D5A0B05256952A600D725ED /* SignInChainHandler.swift */ = {isa = PBXFileReference; lastKnownFileType = sourcecode.swift; path = SignInChainHandler.swift; sourceTree = "<group>"; };
		2D5A0B08256952B000D725ED /* SignUpChainHandler.swift */ = {isa = PBXFileReference; lastKnownFileType = sourcecode.swift; path = SignUpChainHandler.swift; sourceTree = "<group>"; };
		2D5A0B0E25695D5300D725ED /* RoomsViewController.swift */ = {isa = PBXFileReference; lastKnownFileType = sourcecode.swift; path = RoomsViewController.swift; sourceTree = "<group>"; };
		2D5A0B1225695D6A00D725ED /* RoomsViewModel.swift */ = {isa = PBXFileReference; lastKnownFileType = sourcecode.swift; path = RoomsViewModel.swift; sourceTree = "<group>"; };
		2D5A0B152569630600D725ED /* LogOutChainHandler.swift */ = {isa = PBXFileReference; lastKnownFileType = sourcecode.swift; path = LogOutChainHandler.swift; sourceTree = "<group>"; };
		2D5A0B1B25696B3300D725ED /* AuthRepository.swift */ = {isa = PBXFileReference; lastKnownFileType = sourcecode.swift; path = AuthRepository.swift; sourceTree = "<group>"; };
		2D5A0B1F25696B7C00D725ED /* AuthRepositoryDefault.swift */ = {isa = PBXFileReference; lastKnownFileType = sourcecode.swift; path = AuthRepositoryDefault.swift; sourceTree = "<group>"; };
		2D5A0B262569831800D725ED /* TableViewDataSource.swift */ = {isa = PBXFileReference; lastKnownFileType = sourcecode.swift; path = TableViewDataSource.swift; sourceTree = "<group>"; };
		2D5A0B292569834B00D725ED /* RoomsTableViewDataSource.swift */ = {isa = PBXFileReference; lastKnownFileType = sourcecode.swift; path = RoomsTableViewDataSource.swift; sourceTree = "<group>"; };
		2D5A0B2C256983FF00D725ED /* TableViewCell.swift */ = {isa = PBXFileReference; lastKnownFileType = sourcecode.swift; path = TableViewCell.swift; sourceTree = "<group>"; };
		2D5A0B2F2569842200D725ED /* Reusable.swift */ = {isa = PBXFileReference; lastKnownFileType = sourcecode.swift; path = Reusable.swift; sourceTree = "<group>"; };
		2D5A0B322569846100D725ED /* UITableViewExtension.swift */ = {isa = PBXFileReference; lastKnownFileType = sourcecode.swift; path = UITableViewExtension.swift; sourceTree = "<group>"; };
		2D5A0B35256984B600D725ED /* RoomsTableViewCell.swift */ = {isa = PBXFileReference; lastKnownFileType = sourcecode.swift; path = RoomsTableViewCell.swift; sourceTree = "<group>"; };
		2D5A0B38256987A900D725ED /* SeaBattle.entitlements */ = {isa = PBXFileReference; lastKnownFileType = text.plist.entitlements; path = SeaBattle.entitlements; sourceTree = "<group>"; };
		2D5A0B4125698D6700D725ED /* User.swift */ = {isa = PBXFileReference; lastKnownFileType = sourcecode.swift; path = User.swift; sourceTree = "<group>"; };
		2D5A7B1A25640F1C00A7CC86 /* CALayerExtension.swift */ = {isa = PBXFileReference; lastKnownFileType = sourcecode.swift; path = CALayerExtension.swift; sourceTree = "<group>"; };
		2D5A7B71256412C500A7CC86 /* BaseViewController.swift */ = {isa = PBXFileReference; lastKnownFileType = sourcecode.swift; path = BaseViewController.swift; sourceTree = "<group>"; };
		2D5A7B74256412ED00A7CC86 /* BaseViewModel.swift */ = {isa = PBXFileReference; lastKnownFileType = sourcecode.swift; path = BaseViewModel.swift; sourceTree = "<group>"; };
		2D5A7B79256413C700A7CC86 /* AuthViewModel.swift */ = {isa = PBXFileReference; lastKnownFileType = sourcecode.swift; path = AuthViewModel.swift; sourceTree = "<group>"; };
		2D5A8279256EB46800C32F72 /* UserDefaultsWrapper.swift */ = {isa = PBXFileReference; lastKnownFileType = sourcecode.swift; path = UserDefaultsWrapper.swift; sourceTree = "<group>"; };
		2D5A8285256EB66300C32F72 /* Observer.swift */ = {isa = PBXFileReference; lastKnownFileType = sourcecode.swift; path = Observer.swift; sourceTree = "<group>"; };
		2D5A8288256EBBE000C32F72 /* RoomsRepository.swift */ = {isa = PBXFileReference; lastKnownFileType = sourcecode.swift; path = RoomsRepository.swift; sourceTree = "<group>"; };
		2D5A828B256EBBE600C32F72 /* RoomsRepositoryDefault.swift */ = {isa = PBXFileReference; lastKnownFileType = sourcecode.swift; path = RoomsRepositoryDefault.swift; sourceTree = "<group>"; };
		2D5AEF452575035D0034F266 /* KeyDecodingContainerExtension.swift */ = {isa = PBXFileReference; lastKnownFileType = sourcecode.swift; path = KeyDecodingContainerExtension.swift; sourceTree = "<group>"; };
		2D5AEF48257504930034F266 /* Entity.swift */ = {isa = PBXFileReference; lastKnownFileType = sourcecode.swift; path = Entity.swift; sourceTree = "<group>"; };
		2D5B2554258AC0280023C506 /* RotateHintViewController.swift */ = {isa = PBXFileReference; lastKnownFileType = sourcecode.swift; path = RotateHintViewController.swift; sourceTree = "<group>"; };
		2D5B2559258AC0370023C506 /* RotateHintViewModel.swift */ = {isa = PBXFileReference; lastKnownFileType = sourcecode.swift; path = RotateHintViewModel.swift; sourceTree = "<group>"; };
		2D5B2C6625756C6E00F83629 /* Room.swift */ = {isa = PBXFileReference; lastKnownFileType = sourcecode.swift; path = Room.swift; sourceTree = "<group>"; };
		2D5B2C6925756C7900F83629 /* Boat.swift */ = {isa = PBXFileReference; lastKnownFileType = sourcecode.swift; path = Boat.swift; sourceTree = "<group>"; };
		2D5B2C6C25756C8400F83629 /* BoatPosition.swift */ = {isa = PBXFileReference; lastKnownFileType = sourcecode.swift; path = BoatPosition.swift; sourceTree = "<group>"; };
		2D5B4C59257D5A1C006520B4 /* UIViewExtension.swift */ = {isa = PBXFileReference; lastKnownFileType = sourcecode.swift; path = UIViewExtension.swift; sourceTree = "<group>"; };
		2D5BD96A257674DA000160CB /* Builder.swift */ = {isa = PBXFileReference; lastKnownFileType = sourcecode.swift; path = Builder.swift; sourceTree = "<group>"; };
		2D5BD96D257675AA000160CB /* BoatBuilder.swift */ = {isa = PBXFileReference; lastKnownFileType = sourcecode.swift; path = BoatBuilder.swift; sourceTree = "<group>"; };
		2D5BD970257678E5000160CB /* Director.swift */ = {isa = PBXFileReference; lastKnownFileType = sourcecode.swift; path = Director.swift; sourceTree = "<group>"; };
		2D5D02F425829E4B0033BEED /* BattleFieldCell.swift */ = {isa = PBXFileReference; lastKnownFileType = sourcecode.swift; path = BattleFieldCell.swift; sourceTree = "<group>"; };
		2D5D02F72582A75F0033BEED /* BoatView.swift */ = {isa = PBXFileReference; lastKnownFileType = sourcecode.swift; path = BoatView.swift; sourceTree = "<group>"; };
		2D5EBE8A2586472800A8AD05 /* BattleFieldView.swift */ = {isa = PBXFileReference; lastKnownFileType = sourcecode.swift; path = BattleFieldView.swift; sourceTree = "<group>"; };
		2D5EBE8E258648DB00A8AD05 /* View.swift */ = {isa = PBXFileReference; lastKnownFileType = sourcecode.swift; path = View.swift; sourceTree = "<group>"; };
		2D5EBE92258651D900A8AD05 /* CoordinateView.swift */ = {isa = PBXFileReference; lastKnownFileType = sourcecode.swift; path = CoordinateView.swift; sourceTree = "<group>"; };
		2D5EF5AB258A8FF0003C814E /* GameRepositoryDefault.swift */ = {isa = PBXFileReference; lastKnownFileType = sourcecode.swift; path = GameRepositoryDefault.swift; sourceTree = "<group>"; };
		2D5EF5AE258A8FFC003C814E /* GameRepository.swift */ = {isa = PBXFileReference; lastKnownFileType = sourcecode.swift; path = GameRepository.swift; sourceTree = "<group>"; };
		2D635AF22567036D00AE924B /* CGRectExtension.swift */ = {isa = PBXFileReference; lastKnownFileType = sourcecode.swift; path = CGRectExtension.swift; sourceTree = "<group>"; };
		2D635AF6256703AA00AE924B /* BackdownTextFieldView.swift */ = {isa = PBXFileReference; lastKnownFileType = sourcecode.swift; path = BackdownTextFieldView.swift; sourceTree = "<group>"; };
		2D64CC522565A4A400AC8FD4 /* ChainHandler.swift */ = {isa = PBXFileReference; lastKnownFileType = sourcecode.swift; path = ChainHandler.swift; sourceTree = "<group>"; };
		2D64CC572565AD2D00AC8FD4 /* Validator.swift */ = {isa = PBXFileReference; lastKnownFileType = sourcecode.swift; path = Validator.swift; sourceTree = "<group>"; };
		2D64CC5B2565AFE300AC8FD4 /* UIViewControllerExtension.swift */ = {isa = PBXFileReference; lastKnownFileType = sourcecode.swift; path = UIViewControllerExtension.swift; sourceTree = "<group>"; };
		2D64CC5E2565B00B00AC8FD4 /* UIAlertContollerExtension.swift */ = {isa = PBXFileReference; lastKnownFileType = sourcecode.swift; path = UIAlertContollerExtension.swift; sourceTree = "<group>"; };
		2D6588A9257AC17B00C1D39A /* UIEdgeInsetsExtension.swift */ = {isa = PBXFileReference; lastKnownFileType = sourcecode.swift; path = UIEdgeInsetsExtension.swift; sourceTree = "<group>"; };
		2D66E5E52576B5EC003E6D97 /* GameViewController.swift */ = {isa = PBXFileReference; lastKnownFileType = sourcecode.swift; path = GameViewController.swift; sourceTree = "<group>"; };
		2D66E5E92576B5F3003E6D97 /* GameViewModel.swift */ = {isa = PBXFileReference; lastKnownFileType = sourcecode.swift; path = GameViewModel.swift; sourceTree = "<group>"; };
		2D66E5ED2576B680003E6D97 /* GameCollectionViewDataSource.swift */ = {isa = PBXFileReference; lastKnownFileType = sourcecode.swift; path = GameCollectionViewDataSource.swift; sourceTree = "<group>"; };
		2D66E5F12576B6C9003E6D97 /* CollectionViewDataSource.swift */ = {isa = PBXFileReference; lastKnownFileType = sourcecode.swift; path = CollectionViewDataSource.swift; sourceTree = "<group>"; };
		2D66E5F42576B6D3003E6D97 /* CollectionViewCell.swift */ = {isa = PBXFileReference; lastKnownFileType = sourcecode.swift; path = CollectionViewCell.swift; sourceTree = "<group>"; };
		2D66E5F72576B7DF003E6D97 /* Field.swift */ = {isa = PBXFileReference; lastKnownFileType = sourcecode.swift; path = Field.swift; sourceTree = "<group>"; };
		2D66E5FA2576CB99003E6D97 /* UICollectionViewExtension.swift */ = {isa = PBXFileReference; lastKnownFileType = sourcecode.swift; path = UICollectionViewExtension.swift; sourceTree = "<group>"; };
		2D74047F256302E500B63D22 /* GoogleService-Info.plist */ = {isa = PBXFileReference; fileEncoding = 4; lastKnownFileType = text.plist.xml; path = "GoogleService-Info.plist"; sourceTree = "<group>"; };
		2D77EE3B256066AD000DA5A2 /* SeaBattle.app */ = {isa = PBXFileReference; explicitFileType = wrapper.application; includeInIndex = 0; path = SeaBattle.app; sourceTree = BUILT_PRODUCTS_DIR; };
		2D77EE3E256066AD000DA5A2 /* AppDelegate.swift */ = {isa = PBXFileReference; lastKnownFileType = sourcecode.swift; path = AppDelegate.swift; sourceTree = "<group>"; };
		2D77EE42256066AD000DA5A2 /* AuthViewController.swift */ = {isa = PBXFileReference; lastKnownFileType = sourcecode.swift; path = AuthViewController.swift; sourceTree = "<group>"; };
		2D77EE47256066AE000DA5A2 /* Assets.xcassets */ = {isa = PBXFileReference; lastKnownFileType = folder.assetcatalog; path = Assets.xcassets; sourceTree = "<group>"; };
		2D77EE4A256066AE000DA5A2 /* Base */ = {isa = PBXFileReference; lastKnownFileType = file.storyboard; name = Base; path = Base.lproj/LaunchScreen.storyboard; sourceTree = "<group>"; };
		2D77EE4C256066AE000DA5A2 /* Info.plist */ = {isa = PBXFileReference; lastKnownFileType = text.plist.xml; path = Info.plist; sourceTree = "<group>"; };
		9BC22FE266AB060CC414E190 /* Pods-SeaBattle.release.xcconfig */ = {isa = PBXFileReference; includeInIndex = 1; lastKnownFileType = text.xcconfig; name = "Pods-SeaBattle.release.xcconfig"; path = "Target Support Files/Pods-SeaBattle/Pods-SeaBattle.release.xcconfig"; sourceTree = "<group>"; };
		F418E5EF4F28BC4DFF2538A8 /* Pods-SeaBattle.debug.xcconfig */ = {isa = PBXFileReference; includeInIndex = 1; lastKnownFileType = text.xcconfig; name = "Pods-SeaBattle.debug.xcconfig"; path = "Target Support Files/Pods-SeaBattle/Pods-SeaBattle.debug.xcconfig"; sourceTree = "<group>"; };
/* End PBXFileReference section */

/* Begin PBXFrameworksBuildPhase section */
		2D77EE38256066AD000DA5A2 /* Frameworks */ = {
			isa = PBXFrameworksBuildPhase;
			buildActionMask = 2147483647;
			files = (
				D6CE5342820D6E5D25C87F84 /* libPods-SeaBattle.a in Frameworks */,
			);
			runOnlyForDeploymentPostprocessing = 0;
		};
/* End PBXFrameworksBuildPhase section */

/* Begin PBXGroup section */
		2D4D3E13258667450082C1A4 /* Views */ = {
			isa = PBXGroup;
			children = (
				2D4D3E0F258663230082C1A4 /* GameView.swift */,
				2D5EBE92258651D900A8AD05 /* CoordinateView.swift */,
				2D5EBE8A2586472800A8AD05 /* BattleFieldView.swift */,
				2D5D02F72582A75F0033BEED /* BoatView.swift */,
			);
			path = Views;
			sourceTree = "<group>";
		};
		2D5A0A90256942D400D725ED /* Helpers */ = {
			isa = PBXGroup;
			children = (
				2D64CC572565AD2D00AC8FD4 /* Validator.swift */,
				2D5A0A94256946B500D725ED /* Errors.swift */,
				2D5A0B2F2569842200D725ED /* Reusable.swift */,
				2D5A8279256EB46800C32F72 /* UserDefaultsWrapper.swift */,
				2D5A8285256EB66300C32F72 /* Observer.swift */,
			);
			path = Helpers;
			sourceTree = "<group>";
		};
		2D5A0A91256942E500D725ED /* Sources */ = {
			isa = PBXGroup;
			children = (
				2D77EE47256066AE000DA5A2 /* Assets.xcassets */,
				2D77EE49256066AE000DA5A2 /* LaunchScreen.storyboard */,
				2D77EE4C256066AE000DA5A2 /* Info.plist */,
				2D5A0A8A25692DF200D725ED /* SeaBattleIntroScreen.jpg */,
				2D74047F256302E500B63D22 /* GoogleService-Info.plist */,
			);
			path = Sources;
			sourceTree = "<group>";
		};
		2D5A0AFE2569527A00D725ED /* ChainHandlers */ = {
			isa = PBXGroup;
			children = (
				2D5A0AFF2569528D00D725ED /* EmailChainHandler.swift */,
				2D5A0B022569529900D725ED /* PasswordChainHandler.swift */,
				2D5A0B05256952A600D725ED /* SignInChainHandler.swift */,
				2D5A0B08256952B000D725ED /* SignUpChainHandler.swift */,
				2D5A0B152569630600D725ED /* LogOutChainHandler.swift */,
			);
			path = ChainHandlers;
			sourceTree = "<group>";
		};
		2D5A0B0C25695B7700D725ED /* Auth */ = {
			isa = PBXGroup;
			children = (
				2D77EE42256066AD000DA5A2 /* AuthViewController.swift */,
				2D5A7B79256413C700A7CC86 /* AuthViewModel.swift */,
			);
			path = Auth;
			sourceTree = "<group>";
		};
		2D5A0B0D25695B8500D725ED /* Rooms */ = {
			isa = PBXGroup;
			children = (
				2D5A827C256EB4EA00C32F72 /* DataSource */,
				2D5A0B0E25695D5300D725ED /* RoomsViewController.swift */,
				2D5A0B1225695D6A00D725ED /* RoomsViewModel.swift */,
			);
			path = Rooms;
			sourceTree = "<group>";
		};
		2D5A0B1925696B0500D725ED /* Repositories */ = {
			isa = PBXGroup;
			children = (
				2D5A0B1F25696B7C00D725ED /* AuthRepositoryDefault.swift */,
				2D5A828B256EBBE600C32F72 /* RoomsRepositoryDefault.swift */,
				2D5EF5AB258A8FF0003C814E /* GameRepositoryDefault.swift */,
			);
			path = Repositories;
			sourceTree = "<group>";
		};
		2D5A0B1A25696B1100D725ED /* RepositoryInterfaces */ = {
			isa = PBXGroup;
			children = (
				2D5A0B1B25696B3300D725ED /* AuthRepository.swift */,
				2D5A8288256EBBE000C32F72 /* RoomsRepository.swift */,
				2D5EF5AE258A8FFC003C814E /* GameRepository.swift */,
			);
			path = RepositoryInterfaces;
			sourceTree = "<group>";
		};
		2D5A0B4025698D5C00D725ED /* Entities */ = {
			isa = PBXGroup;
			children = (
				2D5AEF48257504930034F266 /* Entity.swift */,
				2D5A0B4125698D6700D725ED /* User.swift */,
				2D5B2C6625756C6E00F83629 /* Room.swift */,
				2D5B2C6925756C7900F83629 /* Boat.swift */,
				2D5B2C6C25756C8400F83629 /* BoatPosition.swift */,
				2D66E5F72576B7DF003E6D97 /* Field.swift */,
			);
			path = Entities;
			sourceTree = "<group>";
		};
		2D5A7B7F256416A700A7CC86 /* Extensions */ = {
			isa = PBXGroup;
			children = (
				2D5A7B1A25640F1C00A7CC86 /* CALayerExtension.swift */,
				2D64CC5B2565AFE300AC8FD4 /* UIViewControllerExtension.swift */,
				2D64CC5E2565B00B00AC8FD4 /* UIAlertContollerExtension.swift */,
				2D635AF22567036D00AE924B /* CGRectExtension.swift */,
				2D5A0B322569846100D725ED /* UITableViewExtension.swift */,
				2D5AEF452575035D0034F266 /* KeyDecodingContainerExtension.swift */,
				2D66E5FA2576CB99003E6D97 /* UICollectionViewExtension.swift */,
				2D6588A9257AC17B00C1D39A /* UIEdgeInsetsExtension.swift */,
				2D5B4C59257D5A1C006520B4 /* UIViewExtension.swift */,
			);
			path = Extensions;
			sourceTree = "<group>";
		};
		2D5A7B80256416C000A7CC86 /* Base */ = {
			isa = PBXGroup;
			children = (
				2D5EBE8E258648DB00A8AD05 /* View.swift */,
				2D5A7B71256412C500A7CC86 /* BaseViewController.swift */,
				2D5EBE95258651FE00A8AD05 /* TableView */,
				2D5EBE962586520400A8AD05 /* CollectionView */,
				2D635AF6256703AA00AE924B /* BackdownTextFieldView.swift */,
				2D5A7B74256412ED00A7CC86 /* BaseViewModel.swift */,
				2D64CC522565A4A400AC8FD4 /* ChainHandler.swift */,
			);
			path = Base;
			sourceTree = "<group>";
		};
		2D5A827C256EB4EA00C32F72 /* DataSource */ = {
			isa = PBXGroup;
			children = (
				2D5A0B292569834B00D725ED /* RoomsTableViewDataSource.swift */,
			);
			path = DataSource;
			sourceTree = "<group>";
		};
		2D5A827D256EB4FB00C32F72 /* TableViewCells */ = {
			isa = PBXGroup;
			children = (
				2D5A0B35256984B600D725ED /* RoomsTableViewCell.swift */,
			);
			path = TableViewCells;
			sourceTree = "<group>";
		};
		2D5B2553258AC00D0023C506 /* RotateHint */ = {
			isa = PBXGroup;
			children = (
				2D5B2554258AC0280023C506 /* RotateHintViewController.swift */,
				2D5B2559258AC0370023C506 /* RotateHintViewModel.swift */,
			);
			path = RotateHint;
			sourceTree = "<group>";
		};
		2D5BD96125767387000160CB /* Builder */ = {
			isa = PBXGroup;
			children = (
				2D5BD96A257674DA000160CB /* Builder.swift */,
				2D5BD96D257675AA000160CB /* BoatBuilder.swift */,
				2D5BD970257678E5000160CB /* Director.swift */,
			);
			path = Builder;
			sourceTree = "<group>";
		};
		2D5EBE95258651FE00A8AD05 /* TableView */ = {
			isa = PBXGroup;
			children = (
				2D5A0B262569831800D725ED /* TableViewDataSource.swift */,
				2D5A0B2C256983FF00D725ED /* TableViewCell.swift */,
			);
			path = TableView;
			sourceTree = "<group>";
		};
		2D5EBE962586520400A8AD05 /* CollectionView */ = {
			isa = PBXGroup;
			children = (
				2D66E5F12576B6C9003E6D97 /* CollectionViewDataSource.swift */,
				2D66E5F42576B6D3003E6D97 /* CollectionViewCell.swift */,
			);
			path = CollectionView;
			sourceTree = "<group>";
		};
		2D635AF52567039000AE924B /* Custom */ = {
			isa = PBXGroup;
			children = (
				2D4D3E13258667450082C1A4 /* Views */,
				2D5A827D256EB4FB00C32F72 /* TableViewCells */,
				2D66E5FD2576CBE7003E6D97 /* CollectionViewCells */,
			);
			path = Custom;
			sourceTree = "<group>";
		};
		2D66E5E42576B5D1003E6D97 /* Game */ = {
			isa = PBXGroup;
			children = (
				2D66E5EC2576B65E003E6D97 /* DataSource */,
				2D66E5E52576B5EC003E6D97 /* GameViewController.swift */,
				2D66E5E92576B5F3003E6D97 /* GameViewModel.swift */,
			);
			path = Game;
			sourceTree = "<group>";
		};
		2D66E5EC2576B65E003E6D97 /* DataSource */ = {
			isa = PBXGroup;
			children = (
				2D66E5ED2576B680003E6D97 /* GameCollectionViewDataSource.swift */,
			);
			path = DataSource;
			sourceTree = "<group>";
		};
		2D66E5FD2576CBE7003E6D97 /* CollectionViewCells */ = {
			isa = PBXGroup;
			children = (
				2D5D02F425829E4B0033BEED /* BattleFieldCell.swift */,
			);
			path = CollectionViewCells;
			sourceTree = "<group>";
		};
		2D77EE32256066AD000DA5A2 = {
			isa = PBXGroup;
			children = (
				2D77EE3D256066AD000DA5A2 /* SeaBattle */,
				2D77EE3C256066AD000DA5A2 /* Products */,
				F8FFD4389CFA00B3099EBECF /* Pods */,
				72DD19CE6A867B4A071BB371 /* Frameworks */,
			);
			sourceTree = "<group>";
		};
		2D77EE3C256066AD000DA5A2 /* Products */ = {
			isa = PBXGroup;
			children = (
				2D77EE3B256066AD000DA5A2 /* SeaBattle.app */,
			);
			name = Products;
			sourceTree = "<group>";
		};
		2D77EE3D256066AD000DA5A2 /* SeaBattle */ = {
			isa = PBXGroup;
			children = (
				2D5A0B38256987A900D725ED /* SeaBattle.entitlements */,
				2D77EE3E256066AD000DA5A2 /* AppDelegate.swift */,
				2D5A7B80256416C000A7CC86 /* Base */,
				2D635AF52567039000AE924B /* Custom */,
				2D5A0B0C25695B7700D725ED /* Auth */,
				2D5A0B0D25695B8500D725ED /* Rooms */,
				2D66E5E42576B5D1003E6D97 /* Game */,
				2D5B2553258AC00D0023C506 /* RotateHint */,
				2D5A0AFE2569527A00D725ED /* ChainHandlers */,
				2D5BD96125767387000160CB /* Builder */,
				2D5A0B4025698D5C00D725ED /* Entities */,
				2D5A0B1A25696B1100D725ED /* RepositoryInterfaces */,
				2D5A0B1925696B0500D725ED /* Repositories */,
				2D5A0A90256942D400D725ED /* Helpers */,
				2D5A7B7F256416A700A7CC86 /* Extensions */,
				2D5A0A91256942E500D725ED /* Sources */,
			);
			path = SeaBattle;
			sourceTree = "<group>";
		};
		72DD19CE6A867B4A071BB371 /* Frameworks */ = {
			isa = PBXGroup;
			children = (
				23BEB001B3C4744876A5B371 /* libPods-SeaBattle.a */,
			);
			name = Frameworks;
			sourceTree = "<group>";
		};
		F8FFD4389CFA00B3099EBECF /* Pods */ = {
			isa = PBXGroup;
			children = (
				F418E5EF4F28BC4DFF2538A8 /* Pods-SeaBattle.debug.xcconfig */,
				9BC22FE266AB060CC414E190 /* Pods-SeaBattle.release.xcconfig */,
			);
			path = Pods;
			sourceTree = "<group>";
		};
/* End PBXGroup section */

/* Begin PBXNativeTarget section */
		2D77EE3A256066AD000DA5A2 /* SeaBattle */ = {
			isa = PBXNativeTarget;
			buildConfigurationList = 2D77EE4F256066AE000DA5A2 /* Build configuration list for PBXNativeTarget "SeaBattle" */;
			buildPhases = (
				26BC828B6E88C9B8C4106CA9 /* [CP] Check Pods Manifest.lock */,
				2D77EE37256066AD000DA5A2 /* Sources */,
				2D77EE38256066AD000DA5A2 /* Frameworks */,
				2D77EE39256066AD000DA5A2 /* Resources */,
			);
			buildRules = (
			);
			dependencies = (
			);
			name = SeaBattle;
			productName = SeaBattle;
			productReference = 2D77EE3B256066AD000DA5A2 /* SeaBattle.app */;
			productType = "com.apple.product-type.application";
		};
/* End PBXNativeTarget section */

/* Begin PBXProject section */
		2D77EE33256066AD000DA5A2 /* Project object */ = {
			isa = PBXProject;
			attributes = {
				LastSwiftUpdateCheck = 1210;
				LastUpgradeCheck = 1210;
				TargetAttributes = {
					2D77EE3A256066AD000DA5A2 = {
						CreatedOnToolsVersion = 12.1;
					};
				};
			};
			buildConfigurationList = 2D77EE36256066AD000DA5A2 /* Build configuration list for PBXProject "SeaBattle" */;
			compatibilityVersion = "Xcode 9.3";
			developmentRegion = en;
			hasScannedForEncodings = 0;
			knownRegions = (
				en,
				Base,
			);
			mainGroup = 2D77EE32256066AD000DA5A2;
			productRefGroup = 2D77EE3C256066AD000DA5A2 /* Products */;
			projectDirPath = "";
			projectRoot = "";
			targets = (
				2D77EE3A256066AD000DA5A2 /* SeaBattle */,
			);
		};
/* End PBXProject section */

/* Begin PBXResourcesBuildPhase section */
		2D77EE39256066AD000DA5A2 /* Resources */ = {
			isa = PBXResourcesBuildPhase;
			buildActionMask = 2147483647;
			files = (
				2D5A0A8B25692DF200D725ED /* SeaBattleIntroScreen.jpg in Resources */,
				2D77EE4B256066AE000DA5A2 /* LaunchScreen.storyboard in Resources */,
				2D77EE48256066AE000DA5A2 /* Assets.xcassets in Resources */,
				2D740480256302E500B63D22 /* GoogleService-Info.plist in Resources */,
			);
			runOnlyForDeploymentPostprocessing = 0;
		};
/* End PBXResourcesBuildPhase section */

/* Begin PBXShellScriptBuildPhase section */
		26BC828B6E88C9B8C4106CA9 /* [CP] Check Pods Manifest.lock */ = {
			isa = PBXShellScriptBuildPhase;
			buildActionMask = 2147483647;
			files = (
			);
			inputFileListPaths = (
			);
			inputPaths = (
				"${PODS_PODFILE_DIR_PATH}/Podfile.lock",
				"${PODS_ROOT}/Manifest.lock",
			);
			name = "[CP] Check Pods Manifest.lock";
			outputFileListPaths = (
			);
			outputPaths = (
				"$(DERIVED_FILE_DIR)/Pods-SeaBattle-checkManifestLockResult.txt",
			);
			runOnlyForDeploymentPostprocessing = 0;
			shellPath = /bin/sh;
			shellScript = "diff \"${PODS_PODFILE_DIR_PATH}/Podfile.lock\" \"${PODS_ROOT}/Manifest.lock\" > /dev/null\nif [ $? != 0 ] ; then\n    # print error to STDERR\n    echo \"error: The sandbox is not in sync with the Podfile.lock. Run 'pod install' or update your CocoaPods installation.\" >&2\n    exit 1\nfi\n# This output is used by Xcode 'outputs' to avoid re-running this script phase.\necho \"SUCCESS\" > \"${SCRIPT_OUTPUT_FILE_0}\"\n";
			showEnvVarsInLog = 0;
		};
/* End PBXShellScriptBuildPhase section */

/* Begin PBXSourcesBuildPhase section */
		2D77EE37256066AD000DA5A2 /* Sources */ = {
			isa = PBXSourcesBuildPhase;
			buildActionMask = 2147483647;
			files = (
				2D64CC582565AD2D00AC8FD4 /* Validator.swift in Sources */,
				2D66E5F82576B7DF003E6D97 /* Field.swift in Sources */,
				2D5BD96E257675AA000160CB /* BoatBuilder.swift in Sources */,
				2D5A7B72256412C500A7CC86 /* BaseViewController.swift in Sources */,
				2D5A0B162569630600D725ED /* LogOutChainHandler.swift in Sources */,
				2D5BD971257678E5000160CB /* Director.swift in Sources */,
				2D5A0B36256984B600D725ED /* RoomsTableViewCell.swift in Sources */,
				2D66E5F52576B6D3003E6D97 /* CollectionViewCell.swift in Sources */,
				2D5A0B0F25695D5300D725ED /* RoomsViewController.swift in Sources */,
				2D5A0B2A2569834B00D725ED /* RoomsTableViewDataSource.swift in Sources */,
				2D64CC5C2565AFE300AC8FD4 /* UIViewControllerExtension.swift in Sources */,
				2D5D02F82582A75F0033BEED /* BoatView.swift in Sources */,
				2D4D3E10258663230082C1A4 /* GameView.swift in Sources */,
				2D5A0B332569846100D725ED /* UITableViewExtension.swift in Sources */,
				2D5EF5AC258A8FF0003C814E /* GameRepositoryDefault.swift in Sources */,
				2D5A0B4225698D6700D725ED /* User.swift in Sources */,
				2D5A0B302569842200D725ED /* Reusable.swift in Sources */,
				2D64CC5F2565B00B00AC8FD4 /* UIAlertContollerExtension.swift in Sources */,
				2D6588AA257AC17B00C1D39A /* UIEdgeInsetsExtension.swift in Sources */,
				2D77EE43256066AD000DA5A2 /* AuthViewController.swift in Sources */,
				2D5A0B2025696B7C00D725ED /* AuthRepositoryDefault.swift in Sources */,
				2D5A0B002569528D00D725ED /* EmailChainHandler.swift in Sources */,
				2D5B2C6725756C6E00F83629 /* Room.swift in Sources */,
				2D5A7B1B25640F1C00A7CC86 /* CALayerExtension.swift in Sources */,
				2D5A7B7A256413C700A7CC86 /* AuthViewModel.swift in Sources */,
				2D5AEF49257504930034F266 /* Entity.swift in Sources */,
				2D5B2C6D25756C8400F83629 /* BoatPosition.swift in Sources */,
				2D5A8289256EBBE000C32F72 /* RoomsRepository.swift in Sources */,
				2D5BD96B257674DA000160CB /* Builder.swift in Sources */,
				2D5EF5AF258A8FFC003C814E /* GameRepository.swift in Sources */,
				2D5A827A256EB46800C32F72 /* UserDefaultsWrapper.swift in Sources */,
				2D5A0A95256946B500D725ED /* Errors.swift in Sources */,
				2D5A0B032569529900D725ED /* PasswordChainHandler.swift in Sources */,
				2D66E5FB2576CB99003E6D97 /* UICollectionViewExtension.swift in Sources */,
				2D5A8286256EB66300C32F72 /* Observer.swift in Sources */,
				2D77EE3F256066AD000DA5A2 /* AppDelegate.swift in Sources */,
				2D66E5E62576B5EC003E6D97 /* GameViewController.swift in Sources */,
				2D5A0B06256952A600D725ED /* SignInChainHandler.swift in Sources */,
				2D5A0B272569831800D725ED /* TableViewDataSource.swift in Sources */,
				2D5B255A258AC0370023C506 /* RotateHintViewModel.swift in Sources */,
				2D64CC532565A4A400AC8FD4 /* ChainHandler.swift in Sources */,
				2D66E5EA2576B5F3003E6D97 /* GameViewModel.swift in Sources */,
				2D5A0B1325695D6A00D725ED /* RoomsViewModel.swift in Sources */,
				2D5D02F525829E4B0033BEED /* BattleFieldCell.swift in Sources */,
				2D5A7B75256412ED00A7CC86 /* BaseViewModel.swift in Sources */,
				2D5EBE93258651D900A8AD05 /* CoordinateView.swift in Sources */,
				2D5EBE8F258648DB00A8AD05 /* View.swift in Sources */,
				2D5A0B2D256983FF00D725ED /* TableViewCell.swift in Sources */,
				2D5A0B09256952B000D725ED /* SignUpChainHandler.swift in Sources */,
				2D5B4C5A257D5A1C006520B4 /* UIViewExtension.swift in Sources */,
				2D5A828C256EBBE600C32F72 /* RoomsRepositoryDefault.swift in Sources */,
				2D5A0B1C25696B3300D725ED /* AuthRepository.swift in Sources */,
				2D635AF32567036D00AE924B /* CGRectExtension.swift in Sources */,
				2D66E5F22576B6C9003E6D97 /* CollectionViewDataSource.swift in Sources */,
				2D5AEF462575035D0034F266 /* KeyDecodingContainerExtension.swift in Sources */,
				2D5B2555258AC0280023C506 /* RotateHintViewController.swift in Sources */,
				2D66E5EE2576B680003E6D97 /* GameCollectionViewDataSource.swift in Sources */,
				2D5B2C6A25756C7900F83629 /* Boat.swift in Sources */,
				2D635AF7256703AA00AE924B /* BackdownTextFieldView.swift in Sources */,
				2D5EBE8B2586472800A8AD05 /* BattleFieldView.swift in Sources */,
			);
			runOnlyForDeploymentPostprocessing = 0;
		};
/* End PBXSourcesBuildPhase section */

/* Begin PBXVariantGroup section */
		2D77EE49256066AE000DA5A2 /* LaunchScreen.storyboard */ = {
			isa = PBXVariantGroup;
			children = (
				2D77EE4A256066AE000DA5A2 /* Base */,
			);
			name = LaunchScreen.storyboard;
			sourceTree = "<group>";
		};
/* End PBXVariantGroup section */

/* Begin XCBuildConfiguration section */
		2D77EE4D256066AE000DA5A2 /* Debug */ = {
			isa = XCBuildConfiguration;
			buildSettings = {
				ALWAYS_SEARCH_USER_PATHS = NO;
				CLANG_ANALYZER_NONNULL = YES;
				CLANG_ANALYZER_NUMBER_OBJECT_CONVERSION = YES_AGGRESSIVE;
				CLANG_CXX_LANGUAGE_STANDARD = "gnu++14";
				CLANG_CXX_LIBRARY = "libc++";
				CLANG_ENABLE_MODULES = YES;
				CLANG_ENABLE_OBJC_ARC = YES;
				CLANG_ENABLE_OBJC_WEAK = YES;
				CLANG_WARN_BLOCK_CAPTURE_AUTORELEASING = YES;
				CLANG_WARN_BOOL_CONVERSION = YES;
				CLANG_WARN_COMMA = YES;
				CLANG_WARN_CONSTANT_CONVERSION = YES;
				CLANG_WARN_DEPRECATED_OBJC_IMPLEMENTATIONS = YES;
				CLANG_WARN_DIRECT_OBJC_ISA_USAGE = YES_ERROR;
				CLANG_WARN_DOCUMENTATION_COMMENTS = YES;
				CLANG_WARN_EMPTY_BODY = YES;
				CLANG_WARN_ENUM_CONVERSION = YES;
				CLANG_WARN_INFINITE_RECURSION = YES;
				CLANG_WARN_INT_CONVERSION = YES;
				CLANG_WARN_NON_LITERAL_NULL_CONVERSION = YES;
				CLANG_WARN_OBJC_IMPLICIT_RETAIN_SELF = YES;
				CLANG_WARN_OBJC_LITERAL_CONVERSION = YES;
				CLANG_WARN_OBJC_ROOT_CLASS = YES_ERROR;
				CLANG_WARN_QUOTED_INCLUDE_IN_FRAMEWORK_HEADER = YES;
				CLANG_WARN_RANGE_LOOP_ANALYSIS = YES;
				CLANG_WARN_STRICT_PROTOTYPES = YES;
				CLANG_WARN_SUSPICIOUS_MOVE = YES;
				CLANG_WARN_UNGUARDED_AVAILABILITY = YES_AGGRESSIVE;
				CLANG_WARN_UNREACHABLE_CODE = YES;
				CLANG_WARN__DUPLICATE_METHOD_MATCH = YES;
				COPY_PHASE_STRIP = NO;
				DEBUG_INFORMATION_FORMAT = dwarf;
				ENABLE_STRICT_OBJC_MSGSEND = YES;
				ENABLE_TESTABILITY = YES;
				GCC_C_LANGUAGE_STANDARD = gnu11;
				GCC_DYNAMIC_NO_PIC = NO;
				GCC_NO_COMMON_BLOCKS = YES;
				GCC_OPTIMIZATION_LEVEL = 0;
				GCC_PREPROCESSOR_DEFINITIONS = (
					"DEBUG=1",
					"$(inherited)",
				);
				GCC_WARN_64_TO_32_BIT_CONVERSION = YES;
				GCC_WARN_ABOUT_RETURN_TYPE = YES_ERROR;
				GCC_WARN_UNDECLARED_SELECTOR = YES;
				GCC_WARN_UNINITIALIZED_AUTOS = YES_AGGRESSIVE;
				GCC_WARN_UNUSED_FUNCTION = YES;
				GCC_WARN_UNUSED_VARIABLE = YES;
				IPHONEOS_DEPLOYMENT_TARGET = 11.0;
				MTL_ENABLE_DEBUG_INFO = INCLUDE_SOURCE;
				MTL_FAST_MATH = YES;
				ONLY_ACTIVE_ARCH = YES;
				SDKROOT = iphoneos;
				SWIFT_ACTIVE_COMPILATION_CONDITIONS = DEBUG;
				SWIFT_OPTIMIZATION_LEVEL = "-Onone";
			};
			name = Debug;
		};
		2D77EE4E256066AE000DA5A2 /* Release */ = {
			isa = XCBuildConfiguration;
			buildSettings = {
				ALWAYS_SEARCH_USER_PATHS = NO;
				CLANG_ANALYZER_NONNULL = YES;
				CLANG_ANALYZER_NUMBER_OBJECT_CONVERSION = YES_AGGRESSIVE;
				CLANG_CXX_LANGUAGE_STANDARD = "gnu++14";
				CLANG_CXX_LIBRARY = "libc++";
				CLANG_ENABLE_MODULES = YES;
				CLANG_ENABLE_OBJC_ARC = YES;
				CLANG_ENABLE_OBJC_WEAK = YES;
				CLANG_WARN_BLOCK_CAPTURE_AUTORELEASING = YES;
				CLANG_WARN_BOOL_CONVERSION = YES;
				CLANG_WARN_COMMA = YES;
				CLANG_WARN_CONSTANT_CONVERSION = YES;
				CLANG_WARN_DEPRECATED_OBJC_IMPLEMENTATIONS = YES;
				CLANG_WARN_DIRECT_OBJC_ISA_USAGE = YES_ERROR;
				CLANG_WARN_DOCUMENTATION_COMMENTS = YES;
				CLANG_WARN_EMPTY_BODY = YES;
				CLANG_WARN_ENUM_CONVERSION = YES;
				CLANG_WARN_INFINITE_RECURSION = YES;
				CLANG_WARN_INT_CONVERSION = YES;
				CLANG_WARN_NON_LITERAL_NULL_CONVERSION = YES;
				CLANG_WARN_OBJC_IMPLICIT_RETAIN_SELF = YES;
				CLANG_WARN_OBJC_LITERAL_CONVERSION = YES;
				CLANG_WARN_OBJC_ROOT_CLASS = YES_ERROR;
				CLANG_WARN_QUOTED_INCLUDE_IN_FRAMEWORK_HEADER = YES;
				CLANG_WARN_RANGE_LOOP_ANALYSIS = YES;
				CLANG_WARN_STRICT_PROTOTYPES = YES;
				CLANG_WARN_SUSPICIOUS_MOVE = YES;
				CLANG_WARN_UNGUARDED_AVAILABILITY = YES_AGGRESSIVE;
				CLANG_WARN_UNREACHABLE_CODE = YES;
				CLANG_WARN__DUPLICATE_METHOD_MATCH = YES;
				COPY_PHASE_STRIP = NO;
				DEBUG_INFORMATION_FORMAT = "dwarf-with-dsym";
				ENABLE_NS_ASSERTIONS = NO;
				ENABLE_STRICT_OBJC_MSGSEND = YES;
				GCC_C_LANGUAGE_STANDARD = gnu11;
				GCC_NO_COMMON_BLOCKS = YES;
				GCC_WARN_64_TO_32_BIT_CONVERSION = YES;
				GCC_WARN_ABOUT_RETURN_TYPE = YES_ERROR;
				GCC_WARN_UNDECLARED_SELECTOR = YES;
				GCC_WARN_UNINITIALIZED_AUTOS = YES_AGGRESSIVE;
				GCC_WARN_UNUSED_FUNCTION = YES;
				GCC_WARN_UNUSED_VARIABLE = YES;
				IPHONEOS_DEPLOYMENT_TARGET = 11.0;
				MTL_ENABLE_DEBUG_INFO = NO;
				MTL_FAST_MATH = YES;
				SDKROOT = iphoneos;
				SWIFT_COMPILATION_MODE = wholemodule;
				SWIFT_OPTIMIZATION_LEVEL = "-O";
				VALIDATE_PRODUCT = YES;
			};
			name = Release;
		};
		2D77EE50256066AE000DA5A2 /* Debug */ = {
			isa = XCBuildConfiguration;
			baseConfigurationReference = F418E5EF4F28BC4DFF2538A8 /* Pods-SeaBattle.debug.xcconfig */;
			buildSettings = {
				ASSETCATALOG_COMPILER_APPICON_NAME = AppIcon;
				ASSETCATALOG_COMPILER_GLOBAL_ACCENT_COLOR_NAME = AccentColor;
				CODE_SIGN_ENTITLEMENTS = SeaBattle/SeaBattle.entitlements;
				CODE_SIGN_STYLE = Automatic;
				DEVELOPMENT_TEAM = S54DSEQWWH;
				INFOPLIST_FILE = SeaBattle/Sources/Info.plist;
				LD_RUNPATH_SEARCH_PATHS = (
					"$(inherited)",
					"@executable_path/Frameworks",
				);
				PRODUCT_BUNDLE_IDENTIFIER = maks.SeaBattle;
				PRODUCT_NAME = "$(TARGET_NAME)";
				SWIFT_VERSION = 5.0;
				TARGETED_DEVICE_FAMILY = "1,2";
			};
			name = Debug;
		};
		2D77EE51256066AE000DA5A2 /* Release */ = {
			isa = XCBuildConfiguration;
			baseConfigurationReference = 9BC22FE266AB060CC414E190 /* Pods-SeaBattle.release.xcconfig */;
			buildSettings = {
				ASSETCATALOG_COMPILER_APPICON_NAME = AppIcon;
				ASSETCATALOG_COMPILER_GLOBAL_ACCENT_COLOR_NAME = AccentColor;
				CODE_SIGN_ENTITLEMENTS = SeaBattle/SeaBattle.entitlements;
				CODE_SIGN_STYLE = Automatic;
				DEVELOPMENT_TEAM = S54DSEQWWH;
				INFOPLIST_FILE = SeaBattle/Sources/Info.plist;
				LD_RUNPATH_SEARCH_PATHS = (
					"$(inherited)",
					"@executable_path/Frameworks",
				);
				PRODUCT_BUNDLE_IDENTIFIER = maks.SeaBattle;
				PRODUCT_NAME = "$(TARGET_NAME)";
				SWIFT_VERSION = 5.0;
				TARGETED_DEVICE_FAMILY = "1,2";
			};
			name = Release;
		};
/* End XCBuildConfiguration section */

/* Begin XCConfigurationList section */
		2D77EE36256066AD000DA5A2 /* Build configuration list for PBXProject "SeaBattle" */ = {
			isa = XCConfigurationList;
			buildConfigurations = (
				2D77EE4D256066AE000DA5A2 /* Debug */,
				2D77EE4E256066AE000DA5A2 /* Release */,
			);
			defaultConfigurationIsVisible = 0;
			defaultConfigurationName = Release;
		};
		2D77EE4F256066AE000DA5A2 /* Build configuration list for PBXNativeTarget "SeaBattle" */ = {
			isa = XCConfigurationList;
			buildConfigurations = (
				2D77EE50256066AE000DA5A2 /* Debug */,
				2D77EE51256066AE000DA5A2 /* Release */,
			);
			defaultConfigurationIsVisible = 0;
			defaultConfigurationName = Release;
		};
/* End XCConfigurationList section */
	};
	rootObject = 2D77EE33256066AD000DA5A2 /* Project object */;
}
